
Microsoft Visual Studio Solution File, Format Version 12.00
# Visual Studio Version 16
VisualStudioVersion = 16.0.30709.132
MinimumVisualStudioVersion = 10.0.40219.1
Project("{778DAE3C-4631-46EA-AA77-85C1314464D9}") = "AESTextCryptor", "AESTextCryptor\AESTextCryptor.vbproj", "{801F33C0-23F0-4D87-A94F-A0CF811340A0}"
EndProject
Global
	GlobalSection(SolutionConfigurationPlatforms) = preSolution
		Debug|Any CPU = Debug|Any CPU
		Release|Any CPU = Release|Any CPU
	EndGlobalSection
	GlobalSection(ProjectConfigurationPlatforms) = postSolution
		{801F33C0-23F0-4D87-A94F-A0CF811340A0}.Debug|Any CPU.ActiveCfg = Debug|Any CPU
		{801F33C0-23F0-4D87-A94F-A0CF811340A0}.Debug|Any CPU.Build.0 = Debug|Any CPU
		{801F33C0-23F0-4D87-A94F-A0CF811340A0}.Release|Any CPU.ActiveCfg = Release|Any CPU
		{801F33C0-23F0-4D87-A94F-A0CF811340A0}.Release|Any CPU.Build.0 = Release|Any CPU
	EndGlobalSection
	GlobalSection(SolutionProperties) = preSolution
		HideSolutionNode = FALSE
	EndGlobalSection
	GlobalSection(ExtensibilityGlobals) = postSolution
		SolutionGuid = {E8D4F77C-4156-4874-87B1-CA3C356E092B}
	EndGlobalSection
EndGlobal
